
Microsoft Visual Studio Solution File, Format Version 12.00
# Visual Studio Version 17
VisualStudioVersion = 17.11.35125.118
MinimumVisualStudioVersion = 10.0.40219.1
Project("{9A19103F-16F7-4668-BE54-9A1E7A4F7556}") = "LightweightEncryption", "src\LightweightEncryption.csproj", "{505166A7-DDD3-42B8-AC83-0506E35A9092}"
EndProject
Project("{2150E333-8FDC-42A3-9474-1A3956D46DE8}") = "Solution Items", "Solution Items", "{A4D3A04B-469D-4B60-92D3-BB2F960E29B4}"
	ProjectSection(SolutionItems) = preProject
		.editorconfig = .editorconfig
		projects.ruleset = projects.ruleset
		README.md = README.md
	EndProjectSection
EndProject
Project("{FAE04EC0-301F-11D3-BF4B-00C04F79EFBC}") = "LightweightEncryption.Tests", "tests\LightweightEncryption.Tests\LightweightEncryption.Tests.csproj", "{F247E61D-1D0B-4AA6-9587-F1CB6839DD6A}"
EndProject
Project("{FAE04EC0-301F-11D3-BF4B-00C04F79EFBC}") = "LightweightEncryption.Usage", "LightweightEncryption.Usage\LightweightEncryption.Usage.csproj", "{47F1B5D0-A900-499A-85FA-7814583F7369}"
EndProject
Project("{2150E333-8FDC-42A3-9474-1A3956D46DE8}") = "Images", "Images", "{99C7A6D3-7595-4F4C-91C7-F6C3AFCD2BB6}"
	ProjectSection(SolutionItems) = preProject
		Images\encrypted.png = Images\encrypted.png
	EndProjectSection
EndProject
Global
	GlobalSection(SolutionConfigurationPlatforms) = preSolution
		Debug|Any CPU = Debug|Any CPU
		Release|Any CPU = Release|Any CPU
	EndGlobalSection
	GlobalSection(ProjectConfigurationPlatforms) = postSolution
		{505166A7-DDD3-42B8-AC83-0506E35A9092}.Debug|Any CPU.ActiveCfg = Debug|Any CPU
		{505166A7-DDD3-42B8-AC83-0506E35A9092}.Debug|Any CPU.Build.0 = Debug|Any CPU
		{505166A7-DDD3-42B8-AC83-0506E35A9092}.Release|Any CPU.ActiveCfg = Release|Any CPU
		{505166A7-DDD3-42B8-AC83-0506E35A9092}.Release|Any CPU.Build.0 = Release|Any CPU
		{F247E61D-1D0B-4AA6-9587-F1CB6839DD6A}.Debug|Any CPU.ActiveCfg = Debug|Any CPU
		{F247E61D-1D0B-4AA6-9587-F1CB6839DD6A}.Debug|Any CPU.Build.0 = Debug|Any CPU
		{F247E61D-1D0B-4AA6-9587-F1CB6839DD6A}.Release|Any CPU.ActiveCfg = Release|Any CPU
		{F247E61D-1D0B-4AA6-9587-F1CB6839DD6A}.Release|Any CPU.Build.0 = Release|Any CPU
		{47F1B5D0-A900-499A-85FA-7814583F7369}.Debug|Any CPU.ActiveCfg = Debug|Any CPU
		{47F1B5D0-A900-499A-85FA-7814583F7369}.Debug|Any CPU.Build.0 = Debug|Any CPU
		{47F1B5D0-A900-499A-85FA-7814583F7369}.Release|Any CPU.ActiveCfg = Release|Any CPU
		{47F1B5D0-A900-499A-85FA-7814583F7369}.Release|Any CPU.Build.0 = Release|Any CPU
	EndGlobalSection
	GlobalSection(SolutionProperties) = preSolution
		HideSolutionNode = FALSE
	EndGlobalSection
	GlobalSection(NestedProjects) = preSolution
		{99C7A6D3-7595-4F4C-91C7-F6C3AFCD2BB6} = {A4D3A04B-469D-4B60-92D3-BB2F960E29B4}
	EndGlobalSection
	GlobalSection(ExtensibilityGlobals) = postSolution
		SolutionGuid = {D1842AD8-E007-4C34-8CE4-96C4652FAB18}
	EndGlobalSection
EndGlobal
